
Microsoft Visual Studio Solution File, Format Version 12.00
# Visual Studio Version 17
VisualStudioVersion = 17.5.33414.496
MinimumVisualStudioVersion = 10.0.40219.1
Project("{FAE04EC0-301F-11D3-BF4B-00C04F79EFBC}") = "tugas pbo toko buku API", "tugas pbo toko buku API\tugas pbo toko buku API.csproj", "{6E0E02B0-63D5-4838-9755-4E24362EE575}"
EndProject
Global
	GlobalSection(SolutionConfigurationPlatforms) = preSolution
		Debug|Any CPU = Debug|Any CPU
		Release|Any CPU = Release|Any CPU
	EndGlobalSection
	GlobalSection(ProjectConfigurationPlatforms) = postSolution
		{6E0E02B0-63D5-4838-9755-4E24362EE575}.Debug|Any CPU.ActiveCfg = Debug|Any CPU
		{6E0E02B0-63D5-4838-9755-4E24362EE575}.Debug|Any CPU.Build.0 = Debug|Any CPU
		{6E0E02B0-63D5-4838-9755-4E24362EE575}.Release|Any CPU.ActiveCfg = Release|Any CPU
		{6E0E02B0-63D5-4838-9755-4E24362EE575}.Release|Any CPU.Build.0 = Release|Any CPU
	EndGlobalSection
	GlobalSection(SolutionProperties) = preSolution
		HideSolutionNode = FALSE
	EndGlobalSection
	GlobalSection(ExtensibilityGlobals) = postSolution
		SolutionGuid = {5DFD88A7-C50F-4920-AE35-BE87C3C72D11}
	EndGlobalSection
EndGlobal
